// !$*UTF8*$!
{
	archiveVersion = 1;
	classes = {
	};
	objectVersion = 56;
	objects = {

/* Begin PBXBuildFile section */
		1D1B544A2B0B9D80008B75DF /* GIFImage.swift in Sources */ = {isa = PBXBuildFile; fileRef = 1D1B54492B0B9D80008B75DF /* GIFImage.swift */; };
		1D1B544C2B0B9EFF008B75DF /* bg_gif.gif in Resources */ = {isa = PBXBuildFile; fileRef = 1D1B544B2B0B9EFF008B75DF /* bg_gif.gif */; };
		1D21DD0A2B07BF50008469C0 /* InfiniteCarouselView.swift in Sources */ = {isa = PBXBuildFile; fileRef = 1D21DD092B07BF50008469C0 /* InfiniteCarouselView.swift */; };
		1D48D6EE2B05036C00890ECF /* drinkitApp.swift in Sources */ = {isa = PBXBuildFile; fileRef = 1D48D6ED2B05036C00890ECF /* drinkitApp.swift */; };
		1D48D6F02B05036C00890ECF /* ContentView.swift in Sources */ = {isa = PBXBuildFile; fileRef = 1D48D6EF2B05036C00890ECF /* ContentView.swift */; };
		1D48D6F22B05036D00890ECF /* Assets.xcassets in Resources */ = {isa = PBXBuildFile; fileRef = 1D48D6F12B05036D00890ECF /* Assets.xcassets */; };
		1D48D6F52B05036D00890ECF /* Preview Assets.xcassets in Resources */ = {isa = PBXBuildFile; fileRef = 1D48D6F42B05036D00890ECF /* Preview Assets.xcassets */; };
		1D676AE32B0506830039DF2B /* EveningOfferView.swift in Sources */ = {isa = PBXBuildFile; fileRef = 1D676AE22B0506830039DF2B /* EveningOfferView.swift */; };
		1DEF38392B0D09350072C7AC /* Montserrat-Regular.ttf in Resources */ = {isa = PBXBuildFile; fileRef = 1DEF38382B0D09350072C7AC /* Montserrat-Regular.ttf */; };
		1DEF383C2B0D0A020072C7AC /* Montserrat-SemiBold.ttf in Resources */ = {isa = PBXBuildFile; fileRef = 1DEF383B2B0D0A020072C7AC /* Montserrat-SemiBold.ttf */; };
		1DEF383E2B0D0A2B0072C7AC /* Montserrat-Medium.ttf in Resources */ = {isa = PBXBuildFile; fileRef = 1DEF383D2B0D0A2B0072C7AC /* Montserrat-Medium.ttf */; };
		1DEF38402B0E3E370072C7AC /* SwiftUIView.swift in Sources */ = {isa = PBXBuildFile; fileRef = 1DEF383F2B0E3E370072C7AC /* SwiftUIView.swift */; };
/* End PBXBuildFile section */

/* Begin PBXFileReference section */
		1D1B54492B0B9D80008B75DF /* GIFImage.swift */ = {isa = PBXFileReference; lastKnownFileType = sourcecode.swift; path = GIFImage.swift; sourceTree = "<group>"; };
		1D1B544B2B0B9EFF008B75DF /* bg_gif.gif */ = {isa = PBXFileReference; lastKnownFileType = image.gif; path = bg_gif.gif; sourceTree = "<group>"; };
		1D21DD092B07BF50008469C0 /* InfiniteCarouselView.swift */ = {isa = PBXFileReference; lastKnownFileType = sourcecode.swift; path = InfiniteCarouselView.swift; sourceTree = "<group>"; };
		1D48D6EA2B05036C00890ECF /* drinkit.app */ = {isa = PBXFileReference; explicitFileType = wrapper.application; includeInIndex = 0; path = drinkit.app; sourceTree = BUILT_PRODUCTS_DIR; };
		1D48D6ED2B05036C00890ECF /* drinkitApp.swift */ = {isa = PBXFileReference; lastKnownFileType = sourcecode.swift; path = drinkitApp.swift; sourceTree = "<group>"; };
		1D48D6EF2B05036C00890ECF /* ContentView.swift */ = {isa = PBXFileReference; lastKnownFileType = sourcecode.swift; path = ContentView.swift; sourceTree = "<group>"; };
		1D48D6F12B05036D00890ECF /* Assets.xcassets */ = {isa = PBXFileReference; lastKnownFileType = folder.assetcatalog; path = Assets.xcassets; sourceTree = "<group>"; };
		1D48D6F42B05036D00890ECF /* Preview Assets.xcassets */ = {isa = PBXFileReference; lastKnownFileType = folder.assetcatalog; path = "Preview Assets.xcassets"; sourceTree = "<group>"; };
		1D676AE22B0506830039DF2B /* EveningOfferView.swift */ = {isa = PBXFileReference; lastKnownFileType = sourcecode.swift; path = EveningOfferView.swift; sourceTree = "<group>"; };
		1DEF38382B0D09350072C7AC /* Montserrat-Regular.ttf */ = {isa = PBXFileReference; lastKnownFileType = file; path = "Montserrat-Regular.ttf"; sourceTree = "<group>"; };
		1DEF383A2B0D09500072C7AC /* Info.plist */ = {isa = PBXFileReference; lastKnownFileType = text.plist; path = Info.plist; sourceTree = "<group>"; };
		1DEF383B2B0D0A020072C7AC /* Montserrat-SemiBold.ttf */ = {isa = PBXFileReference; lastKnownFileType = file; path = "Montserrat-SemiBold.ttf"; sourceTree = "<group>"; };
		1DEF383D2B0D0A2B0072C7AC /* Montserrat-Medium.ttf */ = {isa = PBXFileReference; lastKnownFileType = file; path = "Montserrat-Medium.ttf"; sourceTree = "<group>"; };
		1DEF383F2B0E3E370072C7AC /* SwiftUIView.swift */ = {isa = PBXFileReference; lastKnownFileType = sourcecode.swift; path = SwiftUIView.swift; sourceTree = "<group>"; };
/* End PBXFileReference section */

/* Begin PBXFrameworksBuildPhase section */
		1D48D6E72B05036C00890ECF /* Frameworks */ = {
			isa = PBXFrameworksBuildPhase;
			buildActionMask = 2147483647;
			files = (
			);
			runOnlyForDeploymentPostprocessing = 0;
		};
/* End PBXFrameworksBuildPhase section */

/* Begin PBXGroup section */
		1D48D6E12B05036C00890ECF = {
			isa = PBXGroup;
			children = (
				1D48D6EC2B05036C00890ECF /* drinkit */,
				1D48D6EB2B05036C00890ECF /* Products */,
			);
			sourceTree = "<group>";
		};
		1D48D6EB2B05036C00890ECF /* Products */ = {
			isa = PBXGroup;
			children = (
				1D48D6EA2B05036C00890ECF /* drinkit.app */,
			);
			name = Products;
			sourceTree = "<group>";
		};
		1D48D6EC2B05036C00890ECF /* drinkit */ = {
			isa = PBXGroup;
			children = (
				1DEF383A2B0D09500072C7AC /* Info.plist */,
				1D48D6ED2B05036C00890ECF /* drinkitApp.swift */,
				1D48D6EF2B05036C00890ECF /* ContentView.swift */,
				1D21DD092B07BF50008469C0 /* InfiniteCarouselView.swift */,
				1D676AE22B0506830039DF2B /* EveningOfferView.swift */,
				1D1B54492B0B9D80008B75DF /* GIFImage.swift */,
				1DEF383F2B0E3E370072C7AC /* SwiftUIView.swift */,
				1DEF383D2B0D0A2B0072C7AC /* Montserrat-Medium.ttf */,
				1DEF383B2B0D0A020072C7AC /* Montserrat-SemiBold.ttf */,
				1DEF38382B0D09350072C7AC /* Montserrat-Regular.ttf */,
				1D1B544B2B0B9EFF008B75DF /* bg_gif.gif */,
				1D48D6F12B05036D00890ECF /* Assets.xcassets */,
				1D48D6F32B05036D00890ECF /* Preview Content */,
			);
			path = drinkit;
			sourceTree = "<group>";
		};
		1D48D6F32B05036D00890ECF /* Preview Content */ = {
			isa = PBXGroup;
			children = (
				1D48D6F42B05036D00890ECF /* Preview Assets.xcassets */,
			);
			path = "Preview Content";
			sourceTree = "<group>";
		};
/* End PBXGroup section */

/* Begin PBXNativeTarget section */
		1D48D6E92B05036C00890ECF /* drinkit */ = {
			isa = PBXNativeTarget;
			buildConfigurationList = 1D48D6F82B05036D00890ECF /* Build configuration list for PBXNativeTarget "drinkit" */;
			buildPhases = (
				1D48D6E62B05036C00890ECF /* Sources */,
				1D48D6E72B05036C00890ECF /* Frameworks */,
				1D48D6E82B05036C00890ECF /* Resources */,
			);
			buildRules = (
			);
			dependencies = (
			);
			name = drinkit;
			productName = drinkit;
			productReference = 1D48D6EA2B05036C00890ECF /* drinkit.app */;
			productType = "com.apple.product-type.application";
		};
/* End PBXNativeTarget section */

/* Begin PBXProject section */
		1D48D6E22B05036C00890ECF /* Project object */ = {
			isa = PBXProject;
			attributes = {
				BuildIndependentTargetsInParallel = 1;
				LastSwiftUpdateCheck = 1500;
				LastUpgradeCheck = 1500;
				TargetAttributes = {
					1D48D6E92B05036C00890ECF = {
						CreatedOnToolsVersion = 15.0.1;
					};
				};
			};
			buildConfigurationList = 1D48D6E52B05036C00890ECF /* Build configuration list for PBXProject "drinkit" */;
			compatibilityVersion = "Xcode 14.0";
			developmentRegion = en;
			hasScannedForEncodings = 0;
			knownRegions = (
				en,
				Base,
			);
			mainGroup = 1D48D6E12B05036C00890ECF;
			productRefGroup = 1D48D6EB2B05036C00890ECF /* Products */;
			projectDirPath = "";
			projectRoot = "";
			targets = (
				1D48D6E92B05036C00890ECF /* drinkit */,
			);
		};
/* End PBXProject section */

/* Begin PBXResourcesBuildPhase section */
		1D48D6E82B05036C00890ECF /* Resources */ = {
			isa = PBXResourcesBuildPhase;
			buildActionMask = 2147483647;
			files = (
				1DEF38392B0D09350072C7AC /* Montserrat-Regular.ttf in Resources */,
				1D48D6F52B05036D00890ECF /* Preview Assets.xcassets in Resources */,
				1D48D6F22B05036D00890ECF /* Assets.xcassets in Resources */,
				1D1B544C2B0B9EFF008B75DF /* bg_gif.gif in Resources */,
				1DEF383E2B0D0A2B0072C7AC /* Montserrat-Medium.ttf in Resources */,
				1DEF383C2B0D0A020072C7AC /* Montserrat-SemiBold.ttf in Resources */,
			);
			runOnlyForDeploymentPostprocessing = 0;
		};
/* End PBXResourcesBuildPhase section */

/* Begin PBXSourcesBuildPhase section */
		1D48D6E62B05036C00890ECF /* Sources */ = {
			isa = PBXSourcesBuildPhase;
			buildActionMask = 2147483647;
			files = (
				1D1B544A2B0B9D80008B75DF /* GIFImage.swift in Sources */,
				1D21DD0A2B07BF50008469C0 /* InfiniteCarouselView.swift in Sources */,
				1DEF38402B0E3E370072C7AC /* SwiftUIView.swift in Sources */,
				1D48D6F02B05036C00890ECF /* ContentView.swift in Sources */,
				1D676AE32B0506830039DF2B /* EveningOfferView.swift in Sources */,
				1D48D6EE2B05036C00890ECF /* drinkitApp.swift in Sources */,
			);
			runOnlyForDeploymentPostprocessing = 0;
		};
/* End PBXSourcesBuildPhase section */

/* Begin XCBuildConfiguration section */
		1D48D6F62B05036D00890ECF /* Debug */ = {
			isa = XCBuildConfiguration;
			buildSettings = {
				ALWAYS_SEARCH_USER_PATHS = NO;
				ASSETCATALOG_COMPILER_GENERATE_SWIFT_ASSET_SYMBOL_EXTENSIONS = YES;
				CLANG_ANALYZER_NONNULL = YES;
				CLANG_ANALYZER_NUMBER_OBJECT_CONVERSION = YES_AGGRESSIVE;
				CLANG_CXX_LANGUAGE_STANDARD = "gnu++20";
				CLANG_ENABLE_MODULES = YES;
				CLANG_ENABLE_OBJC_ARC = YES;
				CLANG_ENABLE_OBJC_WEAK = YES;
				CLANG_WARN_BLOCK_CAPTURE_AUTORELEASING = YES;
				CLANG_WARN_BOOL_CONVERSION = YES;
				CLANG_WARN_COMMA = YES;
				CLANG_WARN_CONSTANT_CONVERSION = YES;
				CLANG_WARN_DEPRECATED_OBJC_IMPLEMENTATIONS = YES;
				CLANG_WARN_DIRECT_OBJC_ISA_USAGE = YES_ERROR;
				CLANG_WARN_DOCUMENTATION_COMMENTS = YES;
				CLANG_WARN_EMPTY_BODY = YES;
				CLANG_WARN_ENUM_CONVERSION = YES;
				CLANG_WARN_INFINITE_RECURSION = YES;
				CLANG_WARN_INT_CONVERSION = YES;
				CLANG_WARN_NON_LITERAL_NULL_CONVERSION = YES;
				CLANG_WARN_OBJC_IMPLICIT_RETAIN_SELF = YES;
				CLANG_WARN_OBJC_LITERAL_CONVERSION = YES;
				CLANG_WARN_OBJC_ROOT_CLASS = YES_ERROR;
				CLANG_WARN_QUOTED_INCLUDE_IN_FRAMEWORK_HEADER = YES;
				CLANG_WARN_RANGE_LOOP_ANALYSIS = YES;
				CLANG_WARN_STRICT_PROTOTYPES = YES;
				CLANG_WARN_SUSPICIOUS_MOVE = YES;
				CLANG_WARN_UNGUARDED_AVAILABILITY = YES_AGGRESSIVE;
				CLANG_WARN_UNREACHABLE_CODE = YES;
				CLANG_WARN__DUPLICATE_METHOD_MATCH = YES;
				COPY_PHASE_STRIP = NO;
				DEBUG_INFORMATION_FORMAT = dwarf;
				ENABLE_STRICT_OBJC_MSGSEND = YES;
				ENABLE_TESTABILITY = YES;
				ENABLE_USER_SCRIPT_SANDBOXING = YES;
				GCC_C_LANGUAGE_STANDARD = gnu17;
				GCC_DYNAMIC_NO_PIC = NO;
				GCC_NO_COMMON_BLOCKS = YES;
				GCC_OPTIMIZATION_LEVEL = 0;
				GCC_PREPROCESSOR_DEFINITIONS = (
					"DEBUG=1",
					"$(inherited)",
				);
				GCC_WARN_64_TO_32_BIT_CONVERSION = YES;
				GCC_WARN_ABOUT_RETURN_TYPE = YES_ERROR;
				GCC_WARN_UNDECLARED_SELECTOR = YES;
				GCC_WARN_UNINITIALIZED_AUTOS = YES_AGGRESSIVE;
				GCC_WARN_UNUSED_FUNCTION = YES;
				GCC_WARN_UNUSED_VARIABLE = YES;
				IPHONEOS_DEPLOYMENT_TARGET = 17.0;
				LOCALIZATION_PREFERS_STRING_CATALOGS = YES;
				MTL_ENABLE_DEBUG_INFO = INCLUDE_SOURCE;
				MTL_FAST_MATH = YES;
				ONLY_ACTIVE_ARCH = YES;
				SDKROOT = iphoneos;
				SWIFT_ACTIVE_COMPILATION_CONDITIONS = "DEBUG $(inherited)";
				SWIFT_OPTIMIZATION_LEVEL = "-Onone";
			};
			name = Debug;
		};
		1D48D6F72B05036D00890ECF /* Release */ = {
			isa = XCBuildConfiguration;
			buildSettings = {
				ALWAYS_SEARCH_USER_PATHS = NO;
				ASSETCATALOG_COMPILER_GENERATE_SWIFT_ASSET_SYMBOL_EXTENSIONS = YES;
				CLANG_ANALYZER_NONNULL = YES;
				CLANG_ANALYZER_NUMBER_OBJECT_CONVERSION = YES_AGGRESSIVE;
				CLANG_CXX_LANGUAGE_STANDARD = "gnu++20";
				CLANG_ENABLE_MODULES = YES;
				CLANG_ENABLE_OBJC_ARC = YES;
				CLANG_ENABLE_OBJC_WEAK = YES;
				CLANG_WARN_BLOCK_CAPTURE_AUTORELEASING = YES;
				CLANG_WARN_BOOL_CONVERSION = YES;
				CLANG_WARN_COMMA = YES;
				CLANG_WARN_CONSTANT_CONVERSION = YES;
				CLANG_WARN_DEPRECATED_OBJC_IMPLEMENTATIONS = YES;
				CLANG_WARN_DIRECT_OBJC_ISA_USAGE = YES_ERROR;
				CLANG_WARN_DOCUMENTATION_COMMENTS = YES;
				CLANG_WARN_EMPTY_BODY = YES;
				CLANG_WARN_ENUM_CONVERSION = YES;
				CLANG_WARN_INFINITE_RECURSION = YES;
				CLANG_WARN_INT_CONVERSION = YES;
				CLANG_WARN_NON_LITERAL_NULL_CONVERSION = YES;
				CLANG_WARN_OBJC_IMPLICIT_RETAIN_SELF = YES;
				CLANG_WARN_OBJC_LITERAL_CONVERSION = YES;
				CLANG_WARN_OBJC_ROOT_CLASS = YES_ERROR;
				CLANG_WARN_QUOTED_INCLUDE_IN_FRAMEWORK_HEADER = YES;
				CLANG_WARN_RANGE_LOOP_ANALYSIS = YES;
				CLANG_WARN_STRICT_PROTOTYPES = YES;
				CLANG_WARN_SUSPICIOUS_MOVE = YES;
				CLANG_WARN_UNGUARDED_AVAILABILITY = YES_AGGRESSIVE;
				CLANG_WARN_UNREACHABLE_CODE = YES;
				CLANG_WARN__DUPLICATE_METHOD_MATCH = YES;
				COPY_PHASE_STRIP = NO;
				DEBUG_INFORMATION_FORMAT = "dwarf-with-dsym";
				ENABLE_NS_ASSERTIONS = NO;
				ENABLE_STRICT_OBJC_MSGSEND = YES;
				ENABLE_USER_SCRIPT_SANDBOXING = YES;
				GCC_C_LANGUAGE_STANDARD = gnu17;
				GCC_NO_COMMON_BLOCKS = YES;
				GCC_WARN_64_TO_32_BIT_CONVERSION = YES;
				GCC_WARN_ABOUT_RETURN_TYPE = YES_ERROR;
				GCC_WARN_UNDECLARED_SELECTOR = YES;
				GCC_WARN_UNINITIALIZED_AUTOS = YES_AGGRESSIVE;
				GCC_WARN_UNUSED_FUNCTION = YES;
				GCC_WARN_UNUSED_VARIABLE = YES;
				IPHONEOS_DEPLOYMENT_TARGET = 17.0;
				LOCALIZATION_PREFERS_STRING_CATALOGS = YES;
				MTL_ENABLE_DEBUG_INFO = NO;
				MTL_FAST_MATH = YES;
				SDKROOT = iphoneos;
				SWIFT_COMPILATION_MODE = wholemodule;
				VALIDATE_PRODUCT = YES;
			};
			name = Release;
		};
		1D48D6F92B05036D00890ECF /* Debug */ = {
			isa = XCBuildConfiguration;
			buildSettings = {
				ASSETCATALOG_COMPILER_APPICON_NAME = AppIcon;
				ASSETCATALOG_COMPILER_GLOBAL_ACCENT_COLOR_NAME = AccentColor;
				CODE_SIGN_STYLE = Automatic;
				CURRENT_PROJECT_VERSION = 1;
				DEVELOPMENT_ASSET_PATHS = "\"drinkit/Preview Content\"";
				DEVELOPMENT_TEAM = 2XTS5VKE3A;
				ENABLE_PREVIEWS = YES;
				GENERATE_INFOPLIST_FILE = YES;
				INFOPLIST_FILE = drinkit/Info.plist;
				INFOPLIST_KEY_UIApplicationSceneManifest_Generation = YES;
				INFOPLIST_KEY_UIApplicationSupportsIndirectInputEvents = YES;
				INFOPLIST_KEY_UILaunchScreen_Generation = YES;
				INFOPLIST_KEY_UISupportedInterfaceOrientations_iPad = "UIInterfaceOrientationPortrait UIInterfaceOrientationPortraitUpsideDown UIInterfaceOrientationLandscapeLeft UIInterfaceOrientationLandscapeRight";
				INFOPLIST_KEY_UISupportedInterfaceOrientations_iPhone = "UIInterfaceOrientationPortrait UIInterfaceOrientationLandscapeLeft UIInterfaceOrientationLandscapeRight";
				LD_RUNPATH_SEARCH_PATHS = (
					"$(inherited)",
					"@executable_path/Frameworks",
				);
				MARKETING_VERSION = 1.0;
				PRODUCT_BUNDLE_IDENTIFIER = com.vislov.ivan.drinkit;
				PRODUCT_NAME = "$(TARGET_NAME)";
				SWIFT_EMIT_LOC_STRINGS = YES;
				SWIFT_VERSION = 5.0;
				TARGETED_DEVICE_FAMILY = "1,2";
			};
			name = Debug;
		};
		1D48D6FA2B05036D00890ECF /* Release */ = {
			isa = XCBuildConfiguration;
			buildSettings = {
				ASSETCATALOG_COMPILER_APPICON_NAME = AppIcon;
				ASSETCATALOG_COMPILER_GLOBAL_ACCENT_COLOR_NAME = AccentColor;
				CODE_SIGN_STYLE = Automatic;
				CURRENT_PROJECT_VERSION = 1;
				DEVELOPMENT_ASSET_PATHS = "\"drinkit/Preview Content\"";
				DEVELOPMENT_TEAM = 2XTS5VKE3A;
				ENABLE_PREVIEWS = YES;
				GENERATE_INFOPLIST_FILE = YES;
				INFOPLIST_FILE = drinkit/Info.plist;
				INFOPLIST_KEY_UIApplicationSceneManifest_Generation = YES;
				INFOPLIST_KEY_UIApplicationSupportsIndirectInputEvents = YES;
				INFOPLIST_KEY_UILaunchScreen_Generation = YES;
				INFOPLIST_KEY_UISupportedInterfaceOrientations_iPad = "UIInterfaceOrientationPortrait UIInterfaceOrientationPortraitUpsideDown UIInterfaceOrientationLandscapeLeft UIInterfaceOrientationLandscapeRight";
				INFOPLIST_KEY_UISupportedInterfaceOrientations_iPhone = "UIInterfaceOrientationPortrait UIInterfaceOrientationLandscapeLeft UIInterfaceOrientationLandscapeRight";
				LD_RUNPATH_SEARCH_PATHS = (
					"$(inherited)",
					"@executable_path/Frameworks",
				);
				MARKETING_VERSION = 1.0;
				PRODUCT_BUNDLE_IDENTIFIER = com.vislov.ivan.drinkit;
				PRODUCT_NAME = "$(TARGET_NAME)";
				SWIFT_EMIT_LOC_STRINGS = YES;
				SWIFT_VERSION = 5.0;
				TARGETED_DEVICE_FAMILY = "1,2";
			};
			name = Release;
		};
/* End XCBuildConfiguration section */

/* Begin XCConfigurationList section */
		1D48D6E52B05036C00890ECF /* Build configuration list for PBXProject "drinkit" */ = {
			isa = XCConfigurationList;
			buildConfigurations = (
				1D48D6F62B05036D00890ECF /* Debug */,
				1D48D6F72B05036D00890ECF /* Release */,
			);
			defaultConfigurationIsVisible = 0;
			defaultConfigurationName = Release;
		};
		1D48D6F82B05036D00890ECF /* Build configuration list for PBXNativeTarget "drinkit" */ = {
			isa = XCConfigurationList;
			buildConfigurations = (
				1D48D6F92B05036D00890ECF /* Debug */,
				1D48D6FA2B05036D00890ECF /* Release */,
			);
			defaultConfigurationIsVisible = 0;
			defaultConfigurationName = Release;
		};
/* End XCConfigurationList section */
	};
	rootObject = 1D48D6E22B05036C00890ECF /* Project object */;
}
